{
  "name": "transducer-playground",
  "version": "1.0.0",
  "lockfileVersion": 1,
  "requires": true,
  "dependencies": {
    "@fast-csv/format": {
      "version": "4.0.2",
      "resolved": "https://indigoag.jfrog.io/indigoag/api/npm/npm/@fast-csv/format/-/format-4.0.2.tgz",
      "integrity": "sha1-ftCsY3dud8LjUCrd8wqKz/ee2Ig=",
      "requires": {
        "lodash.escaperegexp": "^4.1.2",
        "lodash.isboolean": "^3.0.3",
        "lodash.isequal": "^4.5.0",
        "lodash.isfunction": "^3.0.9",
        "lodash.isnil": "^4.0.0"
      }
    },
    "@fast-csv/parse": {
      "version": "4.0.2",
      "resolved": "https://indigoag.jfrog.io/indigoag/api/npm/npm/@fast-csv/parse/-/parse-4.0.2.tgz",
      "integrity": "sha1-9tbiBFIeEVTgdXXKnGYXGX+ymgQ=",
      "requires": {
        "lodash.escaperegexp": "^4.1.2",
        "lodash.groupby": "^4.6.0",
        "lodash.isfunction": "^3.0.9",
        "lodash.isnil": "^4.0.0",
        "lodash.isundefined": "^3.0.1",
        "lodash.uniq": "^4.5.0"
      }
    },
    "@types/node": {
      "version": "12.12.27",
      "resolved": "https://indigoag.jfrog.io/indigoag/api/npm/npm/@types/node/-/node-12.12.27.tgz",
      "integrity": "sha1-11BvcxYK0w/Ou89bi30tl25knkI="
    },
    "fast-csv": {
      "version": "4.0.2",
      "resolved": "https://indigoag.jfrog.io/indigoag/api/npm/npm/fast-csv/-/fast-csv-4.0.2.tgz",
      "integrity": "sha1-zgGnxDOSZRJVisGOFa7nhoPGdOE=",
      "requires": {
        "@fast-csv/format": "^4.0.2",
        "@fast-csv/parse": "^4.0.2",
        "@types/node": "^12.12.17"
      }
    },
    "lodash.escaperegexp": {
      "version": "4.1.2",
      "resolved": "https://indigoag.jfrog.io/indigoag/api/npm/npm/lodash.escaperegexp/-/lodash.escaperegexp-4.1.2.tgz",
      "integrity": "sha1-ZHYsSGGAglGKw99Mz11YhtriA0c="
    },
    "lodash.groupby": {
      "version": "4.6.0",
      "resolved": "https://indigoag.jfrog.io/indigoag/api/npm/npm/lodash.groupby/-/lodash.groupby-4.6.0.tgz",
      "integrity": "sha1-Cwih3PaDl8OXhVwyOXg4Mt90A9E="
    },
    "lodash.isboolean": {
      "version": "3.0.3",
      "resolved": "https://indigoag.jfrog.io/indigoag/api/npm/npm/lodash.isboolean/-/lodash.isboolean-3.0.3.tgz",
      "integrity": "sha1-bC4XHbKiV82WgC/UOwGyDV9YcPY="
    },
    "lodash.isequal": {
      "version": "4.5.0",
      "resolved": "https://indigoag.jfrog.io/indigoag/api/npm/npm/lodash.isequal/-/lodash.isequal-4.5.0.tgz",
      "integrity": "sha1-QVxEePK8wwEgwizhDtMib30+GOA="
    },
    "lodash.isfunction": {
      "version": "3.0.9",
      "resolved": "https://indigoag.jfrog.io/indigoag/api/npm/npm/lodash.isfunction/-/lodash.isfunction-3.0.9.tgz",
      "integrity": "sha1-Bt4l302zJ6yTGYHRvbBn5a9o0FE="
    },
    "lodash.isnil": {
      "version": "4.0.0",
      "resolved": "https://indigoag.jfrog.io/indigoag/api/npm/npm/lodash.isnil/-/lodash.isnil-4.0.0.tgz",
      "integrity": "sha1-SeKM1VkBNFjIFMVHnTxmOiG/qmw="
    },
    "lodash.isundefined": {
      "version": "3.0.1",
      "resolved": "https://indigoag.jfrog.io/indigoag/api/npm/npm/lodash.isundefined/-/lodash.isundefined-3.0.1.tgz",
      "integrity": "sha1-I+89lTVWUgOmbO/VuDD4SJEa+0g="
    },
    "lodash.uniq": {
      "version": "4.5.0",
      "resolved": "https://indigoag.jfrog.io/indigoag/api/npm/npm/lodash.uniq/-/lodash.uniq-4.5.0.tgz",
      "integrity": "sha1-0CJTc662Uq3BvILklFM5qEJ1R3M="
    }
  }
}
